
Microsoft Visual Studio Solution File, Format Version 12.00
# Visual Studio 15
VisualStudioVersion = 15.0.28307.421
MinimumVisualStudioVersion = 10.0.40219.1
Project("{FAE04EC0-301F-11D3-BF4B-00C04F79EFBC}") = "TP2.Android", "TP2\TP2.Android\TP2.Android.csproj", "{0DB94724-4207-4460-98CC-7D3CA6134B07}"
EndProject
Project("{FAE04EC0-301F-11D3-BF4B-00C04F79EFBC}") = "TP2.iOS", "TP2\TP2.iOS\TP2.iOS.csproj", "{5DCECF4E-D24F-43AE-9EF8-6C9413FF2C62}"
EndProject
Project("{FAE04EC0-301F-11D3-BF4B-00C04F79EFBC}") = "TP2.UWP", "TP2\TP2.UWP\TP2.UWP.csproj", "{6DFC2319-2C52-4B1F-BF5C-A00A7E80E7FC}"
EndProject
Project("{FAE04EC0-301F-11D3-BF4B-00C04F79EFBC}") = "TP2", "TP2\TP2\TP2.csproj", "{523043DC-14BD-4836-AAB9-8FFF673E5F26}"
EndProject
Global
	GlobalSection(SolutionConfigurationPlatforms) = preSolution
		Ad-Hoc|Any CPU = Ad-Hoc|Any CPU
		Ad-Hoc|ARM = Ad-Hoc|ARM
		Ad-Hoc|iPhone = Ad-Hoc|iPhone
		Ad-Hoc|iPhoneSimulator = Ad-Hoc|iPhoneSimulator
		Ad-Hoc|x64 = Ad-Hoc|x64
		Ad-Hoc|x86 = Ad-Hoc|x86
		AppStore|Any CPU = AppStore|Any CPU
		AppStore|ARM = AppStore|ARM
		AppStore|iPhone = AppStore|iPhone
		AppStore|iPhoneSimulator = AppStore|iPhoneSimulator
		AppStore|x64 = AppStore|x64
		AppStore|x86 = AppStore|x86
		Debug|Any CPU = Debug|Any CPU
		Debug|ARM = Debug|ARM
		Debug|iPhone = Debug|iPhone
		Debug|iPhoneSimulator = Debug|iPhoneSimulator
		Debug|x64 = Debug|x64
		Debug|x86 = Debug|x86
		Release|Any CPU = Release|Any CPU
		Release|ARM = Release|ARM
		Release|iPhone = Release|iPhone
		Release|iPhoneSimulator = Release|iPhoneSimulator
		Release|x64 = Release|x64
		Release|x86 = Release|x86
	EndGlobalSection
	GlobalSection(ProjectConfigurationPlatforms) = postSolution
		{0DB94724-4207-4460-98CC-7D3CA6134B07}.Ad-Hoc|Any CPU.ActiveCfg = Release|Any CPU
		{0DB94724-4207-4460-98CC-7D3CA6134B07}.Ad-Hoc|Any CPU.Build.0 = Release|Any CPU
		{0DB94724-4207-4460-98CC-7D3CA6134B07}.Ad-Hoc|Any CPU.Deploy.0 = Release|Any CPU
		{0DB94724-4207-4460-98CC-7D3CA6134B07}.Ad-Hoc|ARM.ActiveCfg = Release|Any CPU
		{0DB94724-4207-4460-98CC-7D3CA6134B07}.Ad-Hoc|ARM.Build.0 = Release|Any CPU
		{0DB94724-4207-4460-98CC-7D3CA6134B07}.Ad-Hoc|ARM.Deploy.0 = Release|Any CPU
		{0DB94724-4207-4460-98CC-7D3CA6134B07}.Ad-Hoc|iPhone.ActiveCfg = Release|Any CPU
		{0DB94724-4207-4460-98CC-7D3CA6134B07}.Ad-Hoc|iPhone.Build.0 = Release|Any CPU
		{0DB94724-4207-4460-98CC-7D3CA6134B07}.Ad-Hoc|iPhone.Deploy.0 = Release|Any CPU
		{0DB94724-4207-4460-98CC-7D3CA6134B07}.Ad-Hoc|iPhoneSimulator.ActiveCfg = Release|Any CPU
		{0DB94724-4207-4460-98CC-7D3CA6134B07}.Ad-Hoc|iPhoneSimulator.Build.0 = Release|Any CPU
		{0DB94724-4207-4460-98CC-7D3CA6134B07}.Ad-Hoc|iPhoneSimulator.Deploy.0 = Release|Any CPU
		{0DB94724-4207-4460-98CC-7D3CA6134B07}.Ad-Hoc|x64.ActiveCfg = Release|Any CPU
		{0DB94724-4207-4460-98CC-7D3CA6134B07}.Ad-Hoc|x64.Build.0 = Release|Any CPU
		{0DB94724-4207-4460-98CC-7D3CA6134B07}.Ad-Hoc|x64.Deploy.0 = Release|Any CPU
		{0DB94724-4207-4460-98CC-7D3CA6134B07}.Ad-Hoc|x86.ActiveCfg = Release|Any CPU
		{0DB94724-4207-4460-98CC-7D3CA6134B07}.Ad-Hoc|x86.Build.0 = Release|Any CPU
		{0DB94724-4207-4460-98CC-7D3CA6134B07}.Ad-Hoc|x86.Deploy.0 = Release|Any CPU
		{0DB94724-4207-4460-98CC-7D3CA6134B07}.AppStore|Any CPU.ActiveCfg = Release|Any CPU
		{0DB94724-4207-4460-98CC-7D3CA6134B07}.AppStore|Any CPU.Build.0 = Release|Any CPU
		{0DB94724-4207-4460-98CC-7D3CA6134B07}.AppStore|Any CPU.Deploy.0 = Release|Any CPU
		{0DB94724-4207-4460-98CC-7D3CA6134B07}.AppStore|ARM.ActiveCfg = Release|Any CPU
		{0DB94724-4207-4460-98CC-7D3CA6134B07}.AppStore|ARM.Build.0 = Release|Any CPU
		{0DB94724-4207-4460-98CC-7D3CA6134B07}.AppStore|ARM.Deploy.0 = Release|Any CPU
		{0DB94724-4207-4460-98CC-7D3CA6134B07}.AppStore|iPhone.ActiveCfg = Release|Any CPU
		{0DB94724-4207-4460-98CC-7D3CA6134B07}.AppStore|iPhone.Build.0 = Release|Any CPU
		{0DB94724-4207-4460-98CC-7D3CA6134B07}.AppStore|iPhone.Deploy.0 = Release|Any CPU
		{0DB94724-4207-4460-98CC-7D3CA6134B07}.AppStore|iPhoneSimulator.ActiveCfg = Release|Any CPU
		{0DB94724-4207-4460-98CC-7D3CA6134B07}.AppStore|iPhoneSimulator.Build.0 = Release|Any CPU
		{0DB94724-4207-4460-98CC-7D3CA6134B07}.AppStore|iPhoneSimulator.Deploy.0 = Release|Any CPU
		{0DB94724-4207-4460-98CC-7D3CA6134B07}.AppStore|x64.ActiveCfg = Release|Any CPU
		{0DB94724-4207-4460-98CC-7D3CA6134B07}.AppStore|x64.Build.0 = Release|Any CPU
		{0DB94724-4207-4460-98CC-7D3CA6134B07}.AppStore|x64.Deploy.0 = Release|Any CPU
		{0DB94724-4207-4460-98CC-7D3CA6134B07}.AppStore|x86.ActiveCfg = Release|Any CPU
		{0DB94724-4207-4460-98CC-7D3CA6134B07}.AppStore|x86.Build.0 = Release|Any CPU
		{0DB94724-4207-4460-98CC-7D3CA6134B07}.AppStore|x86.Deploy.0 = Release|Any CPU
		{0DB94724-4207-4460-98CC-7D3CA6134B07}.Debug|Any CPU.ActiveCfg = Debug|Any CPU
		{0DB94724-4207-4460-98CC-7D3CA6134B07}.Debug|Any CPU.Build.0 = Debug|Any CPU
		{0DB94724-4207-4460-98CC-7D3CA6134B07}.Debug|Any CPU.Deploy.0 = Debug|Any CPU
		{0DB94724-4207-4460-98CC-7D3CA6134B07}.Debug|ARM.ActiveCfg = Debug|Any CPU
		{0DB94724-4207-4460-98CC-7D3CA6134B07}.Debug|ARM.Build.0 = Debug|Any CPU
		{0DB94724-4207-4460-98CC-7D3CA6134B07}.Debug|ARM.Deploy.0 = Debug|Any CPU
		{0DB94724-4207-4460-98CC-7D3CA6134B07}.Debug|iPhone.ActiveCfg = Debug|Any CPU
		{0DB94724-4207-4460-98CC-7D3CA6134B07}.Debug|iPhone.Build.0 = Debug|Any CPU
		{0DB94724-4207-4460-98CC-7D3CA6134B07}.Debug|iPhone.Deploy.0 = Debug|Any CPU
		{0DB94724-4207-4460-98CC-7D3CA6134B07}.Debug|iPhoneSimulator.ActiveCfg = Debug|Any CPU
		{0DB94724-4207-4460-98CC-7D3CA6134B07}.Debug|iPhoneSimulator.Build.0 = Debug|Any CPU
		{0DB94724-4207-4460-98CC-7D3CA6134B07}.Debug|iPhoneSimulator.Deploy.0 = Debug|Any CPU
		{0DB94724-4207-4460-98CC-7D3CA6134B07}.Debug|x64.ActiveCfg = Debug|Any CPU
		{0DB94724-4207-4460-98CC-7D3CA6134B07}.Debug|x64.Build.0 = Debug|Any CPU
		{0DB94724-4207-4460-98CC-7D3CA6134B07}.Debug|x64.Deploy.0 = Debug|Any CPU
		{0DB94724-4207-4460-98CC-7D3CA6134B07}.Debug|x86.ActiveCfg = Debug|Any CPU
		{0DB94724-4207-4460-98CC-7D3CA6134B07}.Debug|x86.Build.0 = Debug|Any CPU
		{0DB94724-4207-4460-98CC-7D3CA6134B07}.Debug|x86.Deploy.0 = Debug|Any CPU
		{0DB94724-4207-4460-98CC-7D3CA6134B07}.Release|Any CPU.ActiveCfg = Release|Any CPU
		{0DB94724-4207-4460-98CC-7D3CA6134B07}.Release|Any CPU.Build.0 = Release|Any CPU
		{0DB94724-4207-4460-98CC-7D3CA6134B07}.Release|Any CPU.Deploy.0 = Release|Any CPU
		{0DB94724-4207-4460-98CC-7D3CA6134B07}.Release|ARM.ActiveCfg = Release|Any CPU
		{0DB94724-4207-4460-98CC-7D3CA6134B07}.Release|ARM.Build.0 = Release|Any CPU
		{0DB94724-4207-4460-98CC-7D3CA6134B07}.Release|ARM.Deploy.0 = Release|Any CPU
		{0DB94724-4207-4460-98CC-7D3CA6134B07}.Release|iPhone.ActiveCfg = Release|Any CPU
		{0DB94724-4207-4460-98CC-7D3CA6134B07}.Release|iPhone.Build.0 = Release|Any CPU
		{0DB94724-4207-4460-98CC-7D3CA6134B07}.Release|iPhone.Deploy.0 = Release|Any CPU
		{0DB94724-4207-4460-98CC-7D3CA6134B07}.Release|iPhoneSimulator.ActiveCfg = Release|Any CPU
		{0DB94724-4207-4460-98CC-7D3CA6134B07}.Release|iPhoneSimulator.Build.0 = Release|Any CPU
		{0DB94724-4207-4460-98CC-7D3CA6134B07}.Release|iPhoneSimulator.Deploy.0 = Release|Any CPU
		{0DB94724-4207-4460-98CC-7D3CA6134B07}.Release|x64.ActiveCfg = Release|Any CPU
		{0DB94724-4207-4460-98CC-7D3CA6134B07}.Release|x64.Build.0 = Release|Any CPU
		{0DB94724-4207-4460-98CC-7D3CA6134B07}.Release|x64.Deploy.0 = Release|Any CPU
		{0DB94724-4207-4460-98CC-7D3CA6134B07}.Release|x86.ActiveCfg = Release|Any CPU
		{0DB94724-4207-4460-98CC-7D3CA6134B07}.Release|x86.Build.0 = Release|Any CPU
		{0DB94724-4207-4460-98CC-7D3CA6134B07}.Release|x86.Deploy.0 = Release|Any CPU
		{5DCECF4E-D24F-43AE-9EF8-6C9413FF2C62}.Ad-Hoc|Any CPU.ActiveCfg = Ad-Hoc|iPhone
		{5DCECF4E-D24F-43AE-9EF8-6C9413FF2C62}.Ad-Hoc|Any CPU.Build.0 = Ad-Hoc|iPhone
		{5DCECF4E-D24F-43AE-9EF8-6C9413FF2C62}.Ad-Hoc|Any CPU.Deploy.0 = Ad-Hoc|iPhone
		{5DCECF4E-D24F-43AE-9EF8-6C9413FF2C62}.Ad-Hoc|ARM.ActiveCfg = Ad-Hoc|iPhone
		{5DCECF4E-D24F-43AE-9EF8-6C9413FF2C62}.Ad-Hoc|ARM.Build.0 = Ad-Hoc|iPhone
		{5DCECF4E-D24F-43AE-9EF8-6C9413FF2C62}.Ad-Hoc|ARM.Deploy.0 = Ad-Hoc|iPhone
		{5DCECF4E-D24F-43AE-9EF8-6C9413FF2C62}.Ad-Hoc|iPhone.ActiveCfg = Ad-Hoc|iPhone
		{5DCECF4E-D24F-43AE-9EF8-6C9413FF2C62}.Ad-Hoc|iPhone.Build.0 = Ad-Hoc|iPhone
		{5DCECF4E-D24F-43AE-9EF8-6C9413FF2C62}.Ad-Hoc|iPhone.Deploy.0 = Ad-Hoc|iPhone
		{5DCECF4E-D24F-43AE-9EF8-6C9413FF2C62}.Ad-Hoc|iPhoneSimulator.ActiveCfg = Ad-Hoc|iPhoneSimulator
		{5DCECF4E-D24F-43AE-9EF8-6C9413FF2C62}.Ad-Hoc|iPhoneSimulator.Build.0 = Ad-Hoc|iPhoneSimulator
		{5DCECF4E-D24F-43AE-9EF8-6C9413FF2C62}.Ad-Hoc|iPhoneSimulator.Deploy.0 = Ad-Hoc|iPhoneSimulator
		{5DCECF4E-D24F-43AE-9EF8-6C9413FF2C62}.Ad-Hoc|x64.ActiveCfg = Ad-Hoc|iPhone
		{5DCECF4E-D24F-43AE-9EF8-6C9413FF2C62}.Ad-Hoc|x64.Build.0 = Ad-Hoc|iPhone
		{5DCECF4E-D24F-43AE-9EF8-6C9413FF2C62}.Ad-Hoc|x64.Deploy.0 = Ad-Hoc|iPhone
		{5DCECF4E-D24F-43AE-9EF8-6C9413FF2C62}.Ad-Hoc|x86.ActiveCfg = Ad-Hoc|iPhone
		{5DCECF4E-D24F-43AE-9EF8-6C9413FF2C62}.Ad-Hoc|x86.Build.0 = Ad-Hoc|iPhone
		{5DCECF4E-D24F-43AE-9EF8-6C9413FF2C62}.Ad-Hoc|x86.Deploy.0 = Ad-Hoc|iPhone
		{5DCECF4E-D24F-43AE-9EF8-6C9413FF2C62}.AppStore|Any CPU.ActiveCfg = AppStore|iPhone
		{5DCECF4E-D24F-43AE-9EF8-6C9413FF2C62}.AppStore|Any CPU.Build.0 = AppStore|iPhone
		{5DCECF4E-D24F-43AE-9EF8-6C9413FF2C62}.AppStore|Any CPU.Deploy.0 = AppStore|iPhone
		{5DCECF4E-D24F-43AE-9EF8-6C9413FF2C62}.AppStore|ARM.ActiveCfg = AppStore|iPhone
		{5DCECF4E-D24F-43AE-9EF8-6C9413FF2C62}.AppStore|ARM.Build.0 = AppStore|iPhone
		{5DCECF4E-D24F-43AE-9EF8-6C9413FF2C62}.AppStore|ARM.Deploy.0 = AppStore|iPhone
		{5DCECF4E-D24F-43AE-9EF8-6C9413FF2C62}.AppStore|iPhone.ActiveCfg = AppStore|iPhone
		{5DCECF4E-D24F-43AE-9EF8-6C9413FF2C62}.AppStore|iPhone.Build.0 = AppStore|iPhone
		{5DCECF4E-D24F-43AE-9EF8-6C9413FF2C62}.AppStore|iPhone.Deploy.0 = AppStore|iPhone
		{5DCECF4E-D24F-43AE-9EF8-6C9413FF2C62}.AppStore|iPhoneSimulator.ActiveCfg = AppStore|iPhoneSimulator
		{5DCECF4E-D24F-43AE-9EF8-6C9413FF2C62}.AppStore|iPhoneSimulator.Build.0 = AppStore|iPhoneSimulator
		{5DCECF4E-D24F-43AE-9EF8-6C9413FF2C62}.AppStore|iPhoneSimulator.Deploy.0 = AppStore|iPhoneSimulator
		{5DCECF4E-D24F-43AE-9EF8-6C9413FF2C62}.AppStore|x64.ActiveCfg = AppStore|iPhone
		{5DCECF4E-D24F-43AE-9EF8-6C9413FF2C62}.AppStore|x64.Build.0 = AppStore|iPhone
		{5DCECF4E-D24F-43AE-9EF8-6C9413FF2C62}.AppStore|x64.Deploy.0 = AppStore|iPhone
		{5DCECF4E-D24F-43AE-9EF8-6C9413FF2C62}.AppStore|x86.ActiveCfg = AppStore|iPhone
		{5DCECF4E-D24F-43AE-9EF8-6C9413FF2C62}.AppStore|x86.Build.0 = AppStore|iPhone
		{5DCECF4E-D24F-43AE-9EF8-6C9413FF2C62}.AppStore|x86.Deploy.0 = AppStore|iPhone
		{5DCECF4E-D24F-43AE-9EF8-6C9413FF2C62}.Debug|Any CPU.ActiveCfg = Debug|iPhoneSimulator
		{5DCECF4E-D24F-43AE-9EF8-6C9413FF2C62}.Debug|Any CPU.Build.0 = Debug|iPhoneSimulator
		{5DCECF4E-D24F-43AE-9EF8-6C9413FF2C62}.Debug|Any CPU.Deploy.0 = Debug|iPhoneSimulator
		{5DCECF4E-D24F-43AE-9EF8-6C9413FF2C62}.Debug|ARM.ActiveCfg = Debug|iPhone
		{5DCECF4E-D24F-43AE-9EF8-6C9413FF2C62}.Debug|ARM.Build.0 = Debug|iPhone
		{5DCECF4E-D24F-43AE-9EF8-6C9413FF2C62}.Debug|ARM.Deploy.0 = Debug|iPhone
		{5DCECF4E-D24F-43AE-9EF8-6C9413FF2C62}.Debug|iPhone.ActiveCfg = Debug|iPhone
		{5DCECF4E-D24F-43AE-9EF8-6C9413FF2C62}.Debug|iPhone.Build.0 = Debug|iPhone
		{5DCECF4E-D24F-43AE-9EF8-6C9413FF2C62}.Debug|iPhone.Deploy.0 = Debug|iPhone
		{5DCECF4E-D24F-43AE-9EF8-6C9413FF2C62}.Debug|iPhoneSimulator.ActiveCfg = Debug|iPhoneSimulator
		{5DCECF4E-D24F-43AE-9EF8-6C9413FF2C62}.Debug|iPhoneSimulator.Build.0 = Debug|iPhoneSimulator
		{5DCECF4E-D24F-43AE-9EF8-6C9413FF2C62}.Debug|iPhoneSimulator.Deploy.0 = Debug|iPhoneSimulator
		{5DCECF4E-D24F-43AE-9EF8-6C9413FF2C62}.Debug|x64.ActiveCfg = Debug|iPhone
		{5DCECF4E-D24F-43AE-9EF8-6C9413FF2C62}.Debug|x64.Build.0 = Debug|iPhone
		{5DCECF4E-D24F-43AE-9EF8-6C9413FF2C62}.Debug|x64.Deploy.0 = Debug|iPhone
		{5DCECF4E-D24F-43AE-9EF8-6C9413FF2C62}.Debug|x86.ActiveCfg = Debug|iPhone
		{5DCECF4E-D24F-43AE-9EF8-6C9413FF2C62}.Debug|x86.Build.0 = Debug|iPhone
		{5DCECF4E-D24F-43AE-9EF8-6C9413FF2C62}.Debug|x86.Deploy.0 = Debug|iPhone
		{5DCECF4E-D24F-43AE-9EF8-6C9413FF2C62}.Release|Any CPU.ActiveCfg = Release|iPhone
		{5DCECF4E-D24F-43AE-9EF8-6C9413FF2C62}.Release|Any CPU.Build.0 = Release|iPhone
		{5DCECF4E-D24F-43AE-9EF8-6C9413FF2C62}.Release|Any CPU.Deploy.0 = Release|iPhone
		{5DCECF4E-D24F-43AE-9EF8-6C9413FF2C62}.Release|ARM.ActiveCfg = Release|iPhone
		{5DCECF4E-D24F-43AE-9EF8-6C9413FF2C62}.Release|ARM.Build.0 = Release|iPhone
		{5DCECF4E-D24F-43AE-9EF8-6C9413FF2C62}.Release|ARM.Deploy.0 = Release|iPhone
		{5DCECF4E-D24F-43AE-9EF8-6C9413FF2C62}.Release|iPhone.ActiveCfg = Release|iPhone
		{5DCECF4E-D24F-43AE-9EF8-6C9413FF2C62}.Release|iPhone.Build.0 = Release|iPhone
		{5DCECF4E-D24F-43AE-9EF8-6C9413FF2C62}.Release|iPhone.Deploy.0 = Release|iPhone
		{5DCECF4E-D24F-43AE-9EF8-6C9413FF2C62}.Release|iPhoneSimulator.ActiveCfg = Release|iPhoneSimulator
		{5DCECF4E-D24F-43AE-9EF8-6C9413FF2C62}.Release|iPhoneSimulator.Build.0 = Release|iPhoneSimulator
		{5DCECF4E-D24F-43AE-9EF8-6C9413FF2C62}.Release|iPhoneSimulator.Deploy.0 = Release|iPhoneSimulator
		{5DCECF4E-D24F-43AE-9EF8-6C9413FF2C62}.Release|x64.ActiveCfg = Release|iPhone
		{5DCECF4E-D24F-43AE-9EF8-6C9413FF2C62}.Release|x64.Build.0 = Release|iPhone
		{5DCECF4E-D24F-43AE-9EF8-6C9413FF2C62}.Release|x64.Deploy.0 = Release|iPhone
		{5DCECF4E-D24F-43AE-9EF8-6C9413FF2C62}.Release|x86.ActiveCfg = Release|iPhone
		{5DCECF4E-D24F-43AE-9EF8-6C9413FF2C62}.Release|x86.Build.0 = Release|iPhone
		{5DCECF4E-D24F-43AE-9EF8-6C9413FF2C62}.Release|x86.Deploy.0 = Release|iPhone
		{6DFC2319-2C52-4B1F-BF5C-A00A7E80E7FC}.Ad-Hoc|Any CPU.ActiveCfg = Release|x86
		{6DFC2319-2C52-4B1F-BF5C-A00A7E80E7FC}.Ad-Hoc|Any CPU.Build.0 = Release|x86
		{6DFC2319-2C52-4B1F-BF5C-A00A7E80E7FC}.Ad-Hoc|Any CPU.Deploy.0 = Release|x86
		{6DFC2319-2C52-4B1F-BF5C-A00A7E80E7FC}.Ad-Hoc|ARM.ActiveCfg = Release|ARM
		{6DFC2319-2C52-4B1F-BF5C-A00A7E80E7FC}.Ad-Hoc|ARM.Build.0 = Release|ARM
		{6DFC2319-2C52-4B1F-BF5C-A00A7E80E7FC}.Ad-Hoc|ARM.Deploy.0 = Release|ARM
		{6DFC2319-2C52-4B1F-BF5C-A00A7E80E7FC}.Ad-Hoc|iPhone.ActiveCfg = Release|x86
		{6DFC2319-2C52-4B1F-BF5C-A00A7E80E7FC}.Ad-Hoc|iPhone.Build.0 = Release|x86
		{6DFC2319-2C52-4B1F-BF5C-A00A7E80E7FC}.Ad-Hoc|iPhone.Deploy.0 = Release|x86
		{6DFC2319-2C52-4B1F-BF5C-A00A7E80E7FC}.Ad-Hoc|iPhoneSimulator.ActiveCfg = Release|x86
		{6DFC2319-2C52-4B1F-BF5C-A00A7E80E7FC}.Ad-Hoc|iPhoneSimulator.Build.0 = Release|x86
		{6DFC2319-2C52-4B1F-BF5C-A00A7E80E7FC}.Ad-Hoc|iPhoneSimulator.Deploy.0 = Release|x86
		{6DFC2319-2C52-4B1F-BF5C-A00A7E80E7FC}.Ad-Hoc|x64.ActiveCfg = Release|x64
		{6DFC2319-2C52-4B1F-BF5C-A00A7E80E7FC}.Ad-Hoc|x64.Build.0 = Release|x64
		{6DFC2319-2C52-4B1F-BF5C-A00A7E80E7FC}.Ad-Hoc|x64.Deploy.0 = Release|x64
		{6DFC2319-2C52-4B1F-BF5C-A00A7E80E7FC}.Ad-Hoc|x86.ActiveCfg = Release|x86
		{6DFC2319-2C52-4B1F-BF5C-A00A7E80E7FC}.Ad-Hoc|x86.Build.0 = Release|x86
		{6DFC2319-2C52-4B1F-BF5C-A00A7E80E7FC}.Ad-Hoc|x86.Deploy.0 = Release|x86
		{6DFC2319-2C52-4B1F-BF5C-A00A7E80E7FC}.AppStore|Any CPU.ActiveCfg = Release|x86
		{6DFC2319-2C52-4B1F-BF5C-A00A7E80E7FC}.AppStore|Any CPU.Build.0 = Release|x86
		{6DFC2319-2C52-4B1F-BF5C-A00A7E80E7FC}.AppStore|Any CPU.Deploy.0 = Release|x86
		{6DFC2319-2C52-4B1F-BF5C-A00A7E80E7FC}.AppStore|ARM.ActiveCfg = Release|ARM
		{6DFC2319-2C52-4B1F-BF5C-A00A7E80E7FC}.AppStore|ARM.Build.0 = Release|ARM
		{6DFC2319-2C52-4B1F-BF5C-A00A7E80E7FC}.AppStore|ARM.Deploy.0 = Release|ARM
		{6DFC2319-2C52-4B1F-BF5C-A00A7E80E7FC}.AppStore|iPhone.ActiveCfg = Release|x86
		{6DFC2319-2C52-4B1F-BF5C-A00A7E80E7FC}.AppStore|iPhone.Build.0 = Release|x86
		{6DFC2319-2C52-4B1F-BF5C-A00A7E80E7FC}.AppStore|iPhone.Deploy.0 = Release|x86
		{6DFC2319-2C52-4B1F-BF5C-A00A7E80E7FC}.AppStore|iPhoneSimulator.ActiveCfg = Release|x86
		{6DFC2319-2C52-4B1F-BF5C-A00A7E80E7FC}.AppStore|iPhoneSimulator.Build.0 = Release|x86
		{6DFC2319-2C52-4B1F-BF5C-A00A7E80E7FC}.AppStore|iPhoneSimulator.Deploy.0 = Release|x86
		{6DFC2319-2C52-4B1F-BF5C-A00A7E80E7FC}.AppStore|x64.ActiveCfg = Release|x64
		{6DFC2319-2C52-4B1F-BF5C-A00A7E80E7FC}.AppStore|x64.Build.0 = Release|x64
		{6DFC2319-2C52-4B1F-BF5C-A00A7E80E7FC}.AppStore|x64.Deploy.0 = Release|x64
		{6DFC2319-2C52-4B1F-BF5C-A00A7E80E7FC}.AppStore|x86.ActiveCfg = Release|x86
		{6DFC2319-2C52-4B1F-BF5C-A00A7E80E7FC}.AppStore|x86.Build.0 = Release|x86
		{6DFC2319-2C52-4B1F-BF5C-A00A7E80E7FC}.AppStore|x86.Deploy.0 = Release|x86
		{6DFC2319-2C52-4B1F-BF5C-A00A7E80E7FC}.Debug|Any CPU.ActiveCfg = Debug|x86
		{6DFC2319-2C52-4B1F-BF5C-A00A7E80E7FC}.Debug|Any CPU.Build.0 = Debug|x86
		{6DFC2319-2C52-4B1F-BF5C-A00A7E80E7FC}.Debug|Any CPU.Deploy.0 = Debug|x86
		{6DFC2319-2C52-4B1F-BF5C-A00A7E80E7FC}.Debug|ARM.ActiveCfg = Debug|ARM
		{6DFC2319-2C52-4B1F-BF5C-A00A7E80E7FC}.Debug|ARM.Build.0 = Debug|ARM
		{6DFC2319-2C52-4B1F-BF5C-A00A7E80E7FC}.Debug|ARM.Deploy.0 = Debug|ARM
		{6DFC2319-2C52-4B1F-BF5C-A00A7E80E7FC}.Debug|iPhone.ActiveCfg = Debug|x86
		{6DFC2319-2C52-4B1F-BF5C-A00A7E80E7FC}.Debug|iPhone.Build.0 = Debug|x86
		{6DFC2319-2C52-4B1F-BF5C-A00A7E80E7FC}.Debug|iPhone.Deploy.0 = Debug|x86
		{6DFC2319-2C52-4B1F-BF5C-A00A7E80E7FC}.Debug|iPhoneSimulator.ActiveCfg = Debug|x86
		{6DFC2319-2C52-4B1F-BF5C-A00A7E80E7FC}.Debug|iPhoneSimulator.Build.0 = Debug|x86
		{6DFC2319-2C52-4B1F-BF5C-A00A7E80E7FC}.Debug|iPhoneSimulator.Deploy.0 = Debug|x86
		{6DFC2319-2C52-4B1F-BF5C-A00A7E80E7FC}.Debug|x64.ActiveCfg = Debug|x64
		{6DFC2319-2C52-4B1F-BF5C-A00A7E80E7FC}.Debug|x64.Build.0 = Debug|x64
		{6DFC2319-2C52-4B1F-BF5C-A00A7E80E7FC}.Debug|x64.Deploy.0 = Debug|x64
		{6DFC2319-2C52-4B1F-BF5C-A00A7E80E7FC}.Debug|x86.ActiveCfg = Debug|x86
		{6DFC2319-2C52-4B1F-BF5C-A00A7E80E7FC}.Debug|x86.Build.0 = Debug|x86
		{6DFC2319-2C52-4B1F-BF5C-A00A7E80E7FC}.Debug|x86.Deploy.0 = Debug|x86
		{6DFC2319-2C52-4B1F-BF5C-A00A7E80E7FC}.Release|Any CPU.ActiveCfg = Release|x86
		{6DFC2319-2C52-4B1F-BF5C-A00A7E80E7FC}.Release|Any CPU.Build.0 = Release|x86
		{6DFC2319-2C52-4B1F-BF5C-A00A7E80E7FC}.Release|Any CPU.Deploy.0 = Release|x86
		{6DFC2319-2C52-4B1F-BF5C-A00A7E80E7FC}.Release|ARM.ActiveCfg = Release|ARM
		{6DFC2319-2C52-4B1F-BF5C-A00A7E80E7FC}.Release|ARM.Build.0 = Release|ARM
		{6DFC2319-2C52-4B1F-BF5C-A00A7E80E7FC}.Release|ARM.Deploy.0 = Release|ARM
		{6DFC2319-2C52-4B1F-BF5C-A00A7E80E7FC}.Release|iPhone.ActiveCfg = Release|x86
		{6DFC2319-2C52-4B1F-BF5C-A00A7E80E7FC}.Release|iPhone.Build.0 = Release|x86
		{6DFC2319-2C52-4B1F-BF5C-A00A7E80E7FC}.Release|iPhone.Deploy.0 = Release|x86
		{6DFC2319-2C52-4B1F-BF5C-A00A7E80E7FC}.Release|iPhoneSimulator.ActiveCfg = Release|x86
		{6DFC2319-2C52-4B1F-BF5C-A00A7E80E7FC}.Release|iPhoneSimulator.Build.0 = Release|x86
		{6DFC2319-2C52-4B1F-BF5C-A00A7E80E7FC}.Release|iPhoneSimulator.Deploy.0 = Release|x86
		{6DFC2319-2C52-4B1F-BF5C-A00A7E80E7FC}.Release|x64.ActiveCfg = Release|x64
		{6DFC2319-2C52-4B1F-BF5C-A00A7E80E7FC}.Release|x64.Build.0 = Release|x64
		{6DFC2319-2C52-4B1F-BF5C-A00A7E80E7FC}.Release|x64.Deploy.0 = Release|x64
		{6DFC2319-2C52-4B1F-BF5C-A00A7E80E7FC}.Release|x86.ActiveCfg = Release|x86
		{6DFC2319-2C52-4B1F-BF5C-A00A7E80E7FC}.Release|x86.Build.0 = Release|x86
		{6DFC2319-2C52-4B1F-BF5C-A00A7E80E7FC}.Release|x86.Deploy.0 = Release|x86
		{523043DC-14BD-4836-AAB9-8FFF673E5F26}.Ad-Hoc|Any CPU.ActiveCfg = Debug|Any CPU
		{523043DC-14BD-4836-AAB9-8FFF673E5F26}.Ad-Hoc|Any CPU.Build.0 = Debug|Any CPU
		{523043DC-14BD-4836-AAB9-8FFF673E5F26}.Ad-Hoc|Any CPU.Deploy.0 = Debug|Any CPU
		{523043DC-14BD-4836-AAB9-8FFF673E5F26}.Ad-Hoc|ARM.ActiveCfg = Debug|Any CPU
		{523043DC-14BD-4836-AAB9-8FFF673E5F26}.Ad-Hoc|ARM.Build.0 = Debug|Any CPU
		{523043DC-14BD-4836-AAB9-8FFF673E5F26}.Ad-Hoc|ARM.Deploy.0 = Debug|Any CPU
		{523043DC-14BD-4836-AAB9-8FFF673E5F26}.Ad-Hoc|iPhone.ActiveCfg = Debug|Any CPU
		{523043DC-14BD-4836-AAB9-8FFF673E5F26}.Ad-Hoc|iPhone.Build.0 = Debug|Any CPU
		{523043DC-14BD-4836-AAB9-8FFF673E5F26}.Ad-Hoc|iPhone.Deploy.0 = Debug|Any CPU
		{523043DC-14BD-4836-AAB9-8FFF673E5F26}.Ad-Hoc|iPhoneSimulator.ActiveCfg = Debug|Any CPU
		{523043DC-14BD-4836-AAB9-8FFF673E5F26}.Ad-Hoc|iPhoneSimulator.Build.0 = Debug|Any CPU
		{523043DC-14BD-4836-AAB9-8FFF673E5F26}.Ad-Hoc|iPhoneSimulator.Deploy.0 = Debug|Any CPU
		{523043DC-14BD-4836-AAB9-8FFF673E5F26}.Ad-Hoc|x64.ActiveCfg = Debug|Any CPU
		{523043DC-14BD-4836-AAB9-8FFF673E5F26}.Ad-Hoc|x64.Build.0 = Debug|Any CPU
		{523043DC-14BD-4836-AAB9-8FFF673E5F26}.Ad-Hoc|x64.Deploy.0 = Debug|Any CPU
		{523043DC-14BD-4836-AAB9-8FFF673E5F26}.Ad-Hoc|x86.ActiveCfg = Debug|Any CPU
		{523043DC-14BD-4836-AAB9-8FFF673E5F26}.Ad-Hoc|x86.Build.0 = Debug|Any CPU
		{523043DC-14BD-4836-AAB9-8FFF673E5F26}.Ad-Hoc|x86.Deploy.0 = Debug|Any CPU
		{523043DC-14BD-4836-AAB9-8FFF673E5F26}.AppStore|Any CPU.ActiveCfg = Debug|Any CPU
		{523043DC-14BD-4836-AAB9-8FFF673E5F26}.AppStore|Any CPU.Build.0 = Debug|Any CPU
		{523043DC-14BD-4836-AAB9-8FFF673E5F26}.AppStore|Any CPU.Deploy.0 = Debug|Any CPU
		{523043DC-14BD-4836-AAB9-8FFF673E5F26}.AppStore|ARM.ActiveCfg = Debug|Any CPU
		{523043DC-14BD-4836-AAB9-8FFF673E5F26}.AppStore|ARM.Build.0 = Debug|Any CPU
		{523043DC-14BD-4836-AAB9-8FFF673E5F26}.AppStore|ARM.Deploy.0 = Debug|Any CPU
		{523043DC-14BD-4836-AAB9-8FFF673E5F26}.AppStore|iPhone.ActiveCfg = Debug|Any CPU
		{523043DC-14BD-4836-AAB9-8FFF673E5F26}.AppStore|iPhone.Build.0 = Debug|Any CPU
		{523043DC-14BD-4836-AAB9-8FFF673E5F26}.AppStore|iPhone.Deploy.0 = Debug|Any CPU
		{523043DC-14BD-4836-AAB9-8FFF673E5F26}.AppStore|iPhoneSimulator.ActiveCfg = Debug|Any CPU
		{523043DC-14BD-4836-AAB9-8FFF673E5F26}.AppStore|iPhoneSimulator.Build.0 = Debug|Any CPU
		{523043DC-14BD-4836-AAB9-8FFF673E5F26}.AppStore|iPhoneSimulator.Deploy.0 = Debug|Any CPU
		{523043DC-14BD-4836-AAB9-8FFF673E5F26}.AppStore|x64.ActiveCfg = Debug|Any CPU
		{523043DC-14BD-4836-AAB9-8FFF673E5F26}.AppStore|x64.Build.0 = Debug|Any CPU
		{523043DC-14BD-4836-AAB9-8FFF673E5F26}.AppStore|x64.Deploy.0 = Debug|Any CPU
		{523043DC-14BD-4836-AAB9-8FFF673E5F26}.AppStore|x86.ActiveCfg = Debug|Any CPU
		{523043DC-14BD-4836-AAB9-8FFF673E5F26}.AppStore|x86.Build.0 = Debug|Any CPU
		{523043DC-14BD-4836-AAB9-8FFF673E5F26}.AppStore|x86.Deploy.0 = Debug|Any CPU
		{523043DC-14BD-4836-AAB9-8FFF673E5F26}.Debug|Any CPU.ActiveCfg = Debug|Any CPU
		{523043DC-14BD-4836-AAB9-8FFF673E5F26}.Debug|Any CPU.Build.0 = Debug|Any CPU
		{523043DC-14BD-4836-AAB9-8FFF673E5F26}.Debug|Any CPU.Deploy.0 = Debug|Any CPU
		{523043DC-14BD-4836-AAB9-8FFF673E5F26}.Debug|ARM.ActiveCfg = Debug|Any CPU
		{523043DC-14BD-4836-AAB9-8FFF673E5F26}.Debug|ARM.Build.0 = Debug|Any CPU
		{523043DC-14BD-4836-AAB9-8FFF673E5F26}.Debug|ARM.Deploy.0 = Debug|Any CPU
		{523043DC-14BD-4836-AAB9-8FFF673E5F26}.Debug|iPhone.ActiveCfg = Debug|Any CPU
		{523043DC-14BD-4836-AAB9-8FFF673E5F26}.Debug|iPhone.Build.0 = Debug|Any CPU
		{523043DC-14BD-4836-AAB9-8FFF673E5F26}.Debug|iPhone.Deploy.0 = Debug|Any CPU
		{523043DC-14BD-4836-AAB9-8FFF673E5F26}.Debug|iPhoneSimulator.ActiveCfg = Debug|Any CPU
		{523043DC-14BD-4836-AAB9-8FFF673E5F26}.Debug|iPhoneSimulator.Build.0 = Debug|Any CPU
		{523043DC-14BD-4836-AAB9-8FFF673E5F26}.Debug|iPhoneSimulator.Deploy.0 = Debug|Any CPU
		{523043DC-14BD-4836-AAB9-8FFF673E5F26}.Debug|x64.ActiveCfg = Debug|Any CPU
		{523043DC-14BD-4836-AAB9-8FFF673E5F26}.Debug|x64.Build.0 = Debug|Any CPU
		{523043DC-14BD-4836-AAB9-8FFF673E5F26}.Debug|x64.Deploy.0 = Debug|Any CPU
		{523043DC-14BD-4836-AAB9-8FFF673E5F26}.Debug|x86.ActiveCfg = Debug|Any CPU
		{523043DC-14BD-4836-AAB9-8FFF673E5F26}.Debug|x86.Build.0 = Debug|Any CPU
		{523043DC-14BD-4836-AAB9-8FFF673E5F26}.Debug|x86.Deploy.0 = Debug|Any CPU
		{523043DC-14BD-4836-AAB9-8FFF673E5F26}.Release|Any CPU.ActiveCfg = Release|Any CPU
		{523043DC-14BD-4836-AAB9-8FFF673E5F26}.Release|Any CPU.Build.0 = Release|Any CPU
		{523043DC-14BD-4836-AAB9-8FFF673E5F26}.Release|Any CPU.Deploy.0 = Release|Any CPU
		{523043DC-14BD-4836-AAB9-8FFF673E5F26}.Release|ARM.ActiveCfg = Release|Any CPU
		{523043DC-14BD-4836-AAB9-8FFF673E5F26}.Release|ARM.Build.0 = Release|Any CPU
		{523043DC-14BD-4836-AAB9-8FFF673E5F26}.Release|ARM.Deploy.0 = Release|Any CPU
		{523043DC-14BD-4836-AAB9-8FFF673E5F26}.Release|iPhone.ActiveCfg = Release|Any CPU
		{523043DC-14BD-4836-AAB9-8FFF673E5F26}.Release|iPhone.Build.0 = Release|Any CPU
		{523043DC-14BD-4836-AAB9-8FFF673E5F26}.Release|iPhone.Deploy.0 = Release|Any CPU
		{523043DC-14BD-4836-AAB9-8FFF673E5F26}.Release|iPhoneSimulator.ActiveCfg = Release|Any CPU
		{523043DC-14BD-4836-AAB9-8FFF673E5F26}.Release|iPhoneSimulator.Build.0 = Release|Any CPU
		{523043DC-14BD-4836-AAB9-8FFF673E5F26}.Release|iPhoneSimulator.Deploy.0 = Release|Any CPU
		{523043DC-14BD-4836-AAB9-8FFF673E5F26}.Release|x64.ActiveCfg = Release|Any CPU
		{523043DC-14BD-4836-AAB9-8FFF673E5F26}.Release|x64.Build.0 = Release|Any CPU
		{523043DC-14BD-4836-AAB9-8FFF673E5F26}.Release|x64.Deploy.0 = Release|Any CPU
		{523043DC-14BD-4836-AAB9-8FFF673E5F26}.Release|x86.ActiveCfg = Release|Any CPU
		{523043DC-14BD-4836-AAB9-8FFF673E5F26}.Release|x86.Build.0 = Release|Any CPU
		{523043DC-14BD-4836-AAB9-8FFF673E5F26}.Release|x86.Deploy.0 = Release|Any CPU
	EndGlobalSection
	GlobalSection(SolutionProperties) = preSolution
		HideSolutionNode = FALSE
	EndGlobalSection
	GlobalSection(ExtensibilityGlobals) = postSolution
		SolutionGuid = {7D106E51-D96D-4D10-8194-A37F58070575}
	EndGlobalSection
EndGlobal
